// !$*UTF8*$!
{
	archiveVersion = 1;
	classes = {
	};
	objectVersion = 46;
	objects = {

/* Begin PBXBuildFile section */
		00D400431CC69BD20028940E /* Trainer.cpp in Sources */ = {isa = PBXBuildFile; fileRef = 00D400411CC69BD20028940E /* Trainer.cpp */; };
		00F6A4C41CBD4C5200849B8F /* main.cpp in Sources */ = {isa = PBXBuildFile; fileRef = 00F6A4C31CBD4C5200849B8F /* main.cpp */; };
		00F6A4D21CBD4C7200849B8F /* Game.cpp in Sources */ = {isa = PBXBuildFile; fileRef = 00F6A4CA1CBD4C7200849B8F /* Game.cpp */; };
		00F6A4D31CBD4C7200849B8F /* GeneticAlgorithim.cpp in Sources */ = {isa = PBXBuildFile; fileRef = 00F6A4CC1CBD4C7200849B8F /* GeneticAlgorithim.cpp */; };
		00F6A4D41CBD4C7200849B8F /* NeuralNetwork.cpp in Sources */ = {isa = PBXBuildFile; fileRef = 00F6A4CE1CBD4C7200849B8F /* NeuralNetwork.cpp */; };
		00F6A4D51CBD4C7200849B8F /* Neuron.cpp in Sources */ = {isa = PBXBuildFile; fileRef = 00F6A4D01CBD4C7200849B8F /* Neuron.cpp */; };
/* End PBXBuildFile section */

/* Begin PBXCopyFilesBuildPhase section */
		00F6A4BE1CBD4C5200849B8F /* CopyFiles */ = {
			isa = PBXCopyFilesBuildPhase;
			buildActionMask = 2147483647;
			dstPath = /usr/share/man/man1/;
			dstSubfolderSpec = 0;
			files = (
			);
			runOnlyForDeploymentPostprocessing = 1;
		};
/* End PBXCopyFilesBuildPhase section */

/* Begin PBXFileReference section */
		003DBFD71CC1FE6000CEBA93 /* strategy_o.h */ = {isa = PBXFileReference; fileEncoding = 4; lastKnownFileType = sourcecode.c.h; path = strategy_o.h; sourceTree = "<group>"; };
		003DBFD81CC1FE6000CEBA93 /* strategy_x.h */ = {isa = PBXFileReference; fileEncoding = 4; lastKnownFileType = sourcecode.c.h; path = strategy_x.h; sourceTree = "<group>"; };
		00CE8B611CBE975C00B77A58 /* utils.h */ = {isa = PBXFileReference; fileEncoding = 4; lastKnownFileType = sourcecode.c.h; path = utils.h; sourceTree = "<group>"; };
		00D400411CC69BD20028940E /* Trainer.cpp */ = {isa = PBXFileReference; fileEncoding = 4; lastKnownFileType = sourcecode.cpp.cpp; path = Trainer.cpp; sourceTree = "<group>"; };
		00D400421CC69BD20028940E /* Trainer.h */ = {isa = PBXFileReference; fileEncoding = 4; lastKnownFileType = sourcecode.c.h; path = Trainer.h; sourceTree = "<group>"; };
		00F6A4C01CBD4C5200849B8F /* TrisANN */ = {isa = PBXFileReference; explicitFileType = "compiled.mach-o.executable"; includeInIndex = 0; path = TrisANN; sourceTree = BUILT_PRODUCTS_DIR; };
		00F6A4C31CBD4C5200849B8F /* main.cpp */ = {isa = PBXFileReference; lastKnownFileType = sourcecode.cpp.cpp; path = main.cpp; sourceTree = "<group>"; };
		00F6A4CA1CBD4C7200849B8F /* Game.cpp */ = {isa = PBXFileReference; fileEncoding = 4; lastKnownFileType = sourcecode.cpp.cpp; path = Game.cpp; sourceTree = "<group>"; };
		00F6A4CB1CBD4C7200849B8F /* Game.h */ = {isa = PBXFileReference; fileEncoding = 4; lastKnownFileType = sourcecode.c.h; path = Game.h; sourceTree = "<group>"; };
		00F6A4CC1CBD4C7200849B8F /* GeneticAlgorithim.cpp */ = {isa = PBXFileReference; fileEncoding = 4; lastKnownFileType = sourcecode.cpp.cpp; path = GeneticAlgorithim.cpp; sourceTree = "<group>"; };
		00F6A4CD1CBD4C7200849B8F /* GeneticAlgorithim.h */ = {isa = PBXFileReference; fileEncoding = 4; lastKnownFileType = sourcecode.c.h; path = GeneticAlgorithim.h; sourceTree = "<group>"; };
		00F6A4CE1CBD4C7200849B8F /* NeuralNetwork.cpp */ = {isa = PBXFileReference; fileEncoding = 4; lastKnownFileType = sourcecode.cpp.cpp; path = NeuralNetwork.cpp; sourceTree = "<group>"; };
		00F6A4CF1CBD4C7200849B8F /* NeuralNetwork.h */ = {isa = PBXFileReference; fileEncoding = 4; lastKnownFileType = sourcecode.c.h; path = NeuralNetwork.h; sourceTree = "<group>"; };
		00F6A4D01CBD4C7200849B8F /* Neuron.cpp */ = {isa = PBXFileReference; fileEncoding = 4; lastKnownFileType = sourcecode.cpp.cpp; path = Neuron.cpp; sourceTree = "<group>"; };
		00F6A4D11CBD4C7200849B8F /* Neuron.h */ = {isa = PBXFileReference; fileEncoding = 4; lastKnownFileType = sourcecode.c.h; path = Neuron.h; sourceTree = "<group>"; };
/* End PBXFileReference section */

/* Begin PBXFrameworksBuildPhase section */
		00F6A4BD1CBD4C5200849B8F /* Frameworks */ = {
			isa = PBXFrameworksBuildPhase;
			buildActionMask = 2147483647;
			files = (
			);
			runOnlyForDeploymentPostprocessing = 0;
		};
/* End PBXFrameworksBuildPhase section */

/* Begin PBXGroup section */
		00F6A4B71CBD4C5200849B8F = {
			isa = PBXGroup;
			children = (
				00F6A4C21CBD4C5200849B8F /* TrisANN */,
				00F6A4C11CBD4C5200849B8F /* Products */,
			);
			sourceTree = "<group>";
		};
		00F6A4C11CBD4C5200849B8F /* Products */ = {
			isa = PBXGroup;
			children = (
				00F6A4C01CBD4C5200849B8F /* TrisANN */,
			);
			name = Products;
			sourceTree = "<group>";
		};
		00F6A4C21CBD4C5200849B8F /* TrisANN */ = {
			isa = PBXGroup;
			children = (
				003DBFD71CC1FE6000CEBA93 /* strategy_o.h */,
				003DBFD81CC1FE6000CEBA93 /* strategy_x.h */,
				00F6A4CA1CBD4C7200849B8F /* Game.cpp */,
				00F6A4CB1CBD4C7200849B8F /* Game.h */,
				00F6A4CC1CBD4C7200849B8F /* GeneticAlgorithim.cpp */,
				00F6A4CD1CBD4C7200849B8F /* GeneticAlgorithim.h */,
				00F6A4CE1CBD4C7200849B8F /* NeuralNetwork.cpp */,
				00F6A4CF1CBD4C7200849B8F /* NeuralNetwork.h */,
				00F6A4D01CBD4C7200849B8F /* Neuron.cpp */,
				00F6A4D11CBD4C7200849B8F /* Neuron.h */,
				00F6A4C31CBD4C5200849B8F /* main.cpp */,
				00CE8B611CBE975C00B77A58 /* utils.h */,
				00D400411CC69BD20028940E /* Trainer.cpp */,
				00D400421CC69BD20028940E /* Trainer.h */,
			);
			path = TrisANN;
			sourceTree = "<group>";
		};
/* End PBXGroup section */

/* Begin PBXNativeTarget section */
		00F6A4BF1CBD4C5200849B8F /* TrisANN */ = {
			isa = PBXNativeTarget;
			buildConfigurationList = 00F6A4C71CBD4C5200849B8F /* Build configuration list for PBXNativeTarget "TrisANN" */;
			buildPhases = (
				00F6A4BC1CBD4C5200849B8F /* Sources */,
				00F6A4BD1CBD4C5200849B8F /* Frameworks */,
				00F6A4BE1CBD4C5200849B8F /* CopyFiles */,
			);
			buildRules = (
			);
			dependencies = (
			);
			name = TrisANN;
			productName = TrisANN;
			productReference = 00F6A4C01CBD4C5200849B8F /* TrisANN */;
			productType = "com.apple.product-type.tool";
		};
/* End PBXNativeTarget section */

/* Begin PBXProject section */
		00F6A4B81CBD4C5200849B8F /* Project object */ = {
			isa = PBXProject;
			attributes = {
				LastUpgradeCheck = 0730;
				ORGANIZATIONNAME = "Gualtiero Vercellotti";
				TargetAttributes = {
					00F6A4BF1CBD4C5200849B8F = {
						CreatedOnToolsVersion = 7.3;
					};
				};
			};
			buildConfigurationList = 00F6A4BB1CBD4C5200849B8F /* Build configuration list for PBXProject "TrisANN" */;
			compatibilityVersion = "Xcode 3.2";
			developmentRegion = English;
			hasScannedForEncodings = 0;
			knownRegions = (
				en,
			);
			mainGroup = 00F6A4B71CBD4C5200849B8F;
			productRefGroup = 00F6A4C11CBD4C5200849B8F /* Products */;
			projectDirPath = "";
			projectRoot = "";
			targets = (
				00F6A4BF1CBD4C5200849B8F /* TrisANN */,
			);
		};
/* End PBXProject section */

/* Begin PBXSourcesBuildPhase section */
		00F6A4BC1CBD4C5200849B8F /* Sources */ = {
			isa = PBXSourcesBuildPhase;
			buildActionMask = 2147483647;
			files = (
				00F6A4D31CBD4C7200849B8F /* GeneticAlgorithim.cpp in Sources */,
				00D400431CC69BD20028940E /* Trainer.cpp in Sources */,
				00F6A4C41CBD4C5200849B8F /* main.cpp in Sources */,
				00F6A4D21CBD4C7200849B8F /* Game.cpp in Sources */,
				00F6A4D51CBD4C7200849B8F /* Neuron.cpp in Sources */,
				00F6A4D41CBD4C7200849B8F /* NeuralNetwork.cpp in Sources */,
			);
			runOnlyForDeploymentPostprocessing = 0;
		};
/* End PBXSourcesBuildPhase section */

/* Begin XCBuildConfiguration section */
		00F6A4C51CBD4C5200849B8F /* Debug */ = {
			isa = XCBuildConfiguration;
			buildSettings = {
				ALWAYS_SEARCH_USER_PATHS = NO;
				CLANG_ANALYZER_NONNULL = YES;
				CLANG_CXX_LANGUAGE_STANDARD = "gnu++0x";
				CLANG_CXX_LIBRARY = "libc++";
				CLANG_ENABLE_MODULES = YES;
				CLANG_ENABLE_OBJC_ARC = YES;
				CLANG_WARN_BOOL_CONVERSION = YES;
				CLANG_WARN_CONSTANT_CONVERSION = YES;
				CLANG_WARN_DIRECT_OBJC_ISA_USAGE = YES_ERROR;
				CLANG_WARN_EMPTY_BODY = YES;
				CLANG_WARN_ENUM_CONVERSION = YES;
				CLANG_WARN_INT_CONVERSION = YES;
				CLANG_WARN_OBJC_ROOT_CLASS = YES_ERROR;
				CLANG_WARN_UNREACHABLE_CODE = YES;
				CLANG_WARN__DUPLICATE_METHOD_MATCH = YES;
				CODE_SIGN_IDENTITY = "-";
				COPY_PHASE_STRIP = NO;
				DEBUG_INFORMATION_FORMAT = dwarf;
				ENABLE_STRICT_OBJC_MSGSEND = YES;
				ENABLE_TESTABILITY = YES;
				GCC_C_LANGUAGE_STANDARD = gnu99;
				GCC_DYNAMIC_NO_PIC = NO;
				GCC_NO_COMMON_BLOCKS = YES;
				GCC_OPTIMIZATION_LEVEL = 0;
				GCC_PREPROCESSOR_DEFINITIONS = (
					"DEBUG=1",
					"$(inherited)",
				);
				GCC_WARN_64_TO_32_BIT_CONVERSION = YES;
				GCC_WARN_ABOUT_RETURN_TYPE = YES_ERROR;
				GCC_WARN_UNDECLARED_SELECTOR = YES;
				GCC_WARN_UNINITIALIZED_AUTOS = YES_AGGRESSIVE;
				GCC_WARN_UNUSED_FUNCTION = YES;
				GCC_WARN_UNUSED_VARIABLE = YES;
				MACOSX_DEPLOYMENT_TARGET = 10.11;
				MTL_ENABLE_DEBUG_INFO = YES;
				ONLY_ACTIVE_ARCH = YES;
				SDKROOT = macosx;
			};
			name = Debug;
		};
		00F6A4C61CBD4C5200849B8F /* Release */ = {
			isa = XCBuildConfiguration;
			buildSettings = {
				ALWAYS_SEARCH_USER_PATHS = NO;
				CLANG_ANALYZER_NONNULL = YES;
				CLANG_CXX_LANGUAGE_STANDARD = "gnu++0x";
				CLANG_CXX_LIBRARY = "libc++";
				CLANG_ENABLE_MODULES = YES;
				CLANG_ENABLE_OBJC_ARC = YES;
				CLANG_WARN_BOOL_CONVERSION = YES;
				CLANG_WARN_CONSTANT_CONVERSION = YES;
				CLANG_WARN_DIRECT_OBJC_ISA_USAGE = YES_ERROR;
				CLANG_WARN_EMPTY_BODY = YES;
				CLANG_WARN_ENUM_CONVERSION = YES;
				CLANG_WARN_INT_CONVERSION = YES;
				CLANG_WARN_OBJC_ROOT_CLASS = YES_ERROR;
				CLANG_WARN_UNREACHABLE_CODE = YES;
				CLANG_WARN__DUPLICATE_METHOD_MATCH = YES;
				CODE_SIGN_IDENTITY = "-";
				COPY_PHASE_STRIP = NO;
				DEBUG_INFORMATION_FORMAT = "dwarf-with-dsym";
				ENABLE_NS_ASSERTIONS = NO;
				ENABLE_STRICT_OBJC_MSGSEND = YES;
				GCC_C_LANGUAGE_STANDARD = gnu99;
				GCC_NO_COMMON_BLOCKS = YES;
				GCC_WARN_64_TO_32_BIT_CONVERSION = YES;
				GCC_WARN_ABOUT_RETURN_TYPE = YES_ERROR;
				GCC_WARN_UNDECLARED_SELECTOR = YES;
				GCC_WARN_UNINITIALIZED_AUTOS = YES_AGGRESSIVE;
				GCC_WARN_UNUSED_FUNCTION = YES;
				GCC_WARN_UNUSED_VARIABLE = YES;
				MACOSX_DEPLOYMENT_TARGET = 10.11;
				MTL_ENABLE_DEBUG_INFO = NO;
				SDKROOT = macosx;
			};
			name = Release;
		};
		00F6A4C81CBD4C5200849B8F /* Debug */ = {
			isa = XCBuildConfiguration;
			buildSettings = {
				PRODUCT_NAME = "$(TARGET_NAME)";
			};
			name = Debug;
		};
		00F6A4C91CBD4C5200849B8F /* Release */ = {
			isa = XCBuildConfiguration;
			buildSettings = {
				PRODUCT_NAME = "$(TARGET_NAME)";
			};
			name = Release;
		};
/* End XCBuildConfiguration section */

/* Begin XCConfigurationList section */
		00F6A4BB1CBD4C5200849B8F /* Build configuration list for PBXProject "TrisANN" */ = {
			isa = XCConfigurationList;
			buildConfigurations = (
				00F6A4C51CBD4C5200849B8F /* Debug */,
				00F6A4C61CBD4C5200849B8F /* Release */,
			);
			defaultConfigurationIsVisible = 0;
			defaultConfigurationName = Release;
		};
		00F6A4C71CBD4C5200849B8F /* Build configuration list for PBXNativeTarget "TrisANN" */ = {
			isa = XCConfigurationList;
			buildConfigurations = (
				00F6A4C81CBD4C5200849B8F /* Debug */,
				00F6A4C91CBD4C5200849B8F /* Release */,
			);
			defaultConfigurationIsVisible = 0;
			defaultConfigurationName = Release;
		};
/* End XCConfigurationList section */
	};
	rootObject = 00F6A4B81CBD4C5200849B8F /* Project object */;
}
